
Microsoft Visual Studio Solution File, Format Version 12.00
# Visual Studio Version 17
VisualStudioVersion = 17.0.31903.59
MinimumVisualStudioVersion = 10.0.40219.1
Project("{FAE04EC0-301F-11D3-BF4B-00C04F79EFBC}") = "WebApi", "WebApi\WebApi.csproj", "{E187F385-4302-4773-93E1-44751FC02A97}"
EndProject
Project("{FAE04EC0-301F-11D3-BF4B-00C04F79EFBC}") = "Domain", "Domain\Domain.csproj", "{0A9B15EA-1B24-494A-9CDD-D21932AC5D52}"
EndProject
Project("{FAE04EC0-301F-11D3-BF4B-00C04F79EFBC}") = "Infrastructure", "Infrastructure\Infrastructure.csproj", "{5955E7C2-76EE-4CBB-9D5B-3447B117A41C}"
EndProject
Project("{FAE04EC0-301F-11D3-BF4B-00C04F79EFBC}") = "Application", "Application\Application.csproj", "{F1157E43-B204-4532-B5C1-56FF9FE4CD99}"
EndProject
Project("{FAE04EC0-301F-11D3-BF4B-00C04F79EFBC}") = "Shared", "Shared\Shared.csproj", "{08AC343A-65BD-469C-9F3B-DD3554675CCD}"
EndProject
Global
	GlobalSection(SolutionConfigurationPlatforms) = preSolution
		Debug|Any CPU = Debug|Any CPU
		Release|Any CPU = Release|Any CPU
	EndGlobalSection
	GlobalSection(ProjectConfigurationPlatforms) = postSolution
		{E187F385-4302-4773-93E1-44751FC02A97}.Debug|Any CPU.ActiveCfg = Debug|Any CPU
		{E187F385-4302-4773-93E1-44751FC02A97}.Debug|Any CPU.Build.0 = Debug|Any CPU
		{E187F385-4302-4773-93E1-44751FC02A97}.Release|Any CPU.ActiveCfg = Release|Any CPU
		{E187F385-4302-4773-93E1-44751FC02A97}.Release|Any CPU.Build.0 = Release|Any CPU
		{0A9B15EA-1B24-494A-9CDD-D21932AC5D52}.Debug|Any CPU.ActiveCfg = Debug|Any CPU
		{0A9B15EA-1B24-494A-9CDD-D21932AC5D52}.Debug|Any CPU.Build.0 = Debug|Any CPU
		{0A9B15EA-1B24-494A-9CDD-D21932AC5D52}.Release|Any CPU.ActiveCfg = Release|Any CPU
		{0A9B15EA-1B24-494A-9CDD-D21932AC5D52}.Release|Any CPU.Build.0 = Release|Any CPU
		{5955E7C2-76EE-4CBB-9D5B-3447B117A41C}.Debug|Any CPU.ActiveCfg = Debug|Any CPU
		{5955E7C2-76EE-4CBB-9D5B-3447B117A41C}.Debug|Any CPU.Build.0 = Debug|Any CPU
		{5955E7C2-76EE-4CBB-9D5B-3447B117A41C}.Release|Any CPU.ActiveCfg = Release|Any CPU
		{5955E7C2-76EE-4CBB-9D5B-3447B117A41C}.Release|Any CPU.Build.0 = Release|Any CPU
		{F1157E43-B204-4532-B5C1-56FF9FE4CD99}.Debug|Any CPU.ActiveCfg = Debug|Any CPU
		{F1157E43-B204-4532-B5C1-56FF9FE4CD99}.Debug|Any CPU.Build.0 = Debug|Any CPU
		{F1157E43-B204-4532-B5C1-56FF9FE4CD99}.Release|Any CPU.ActiveCfg = Release|Any CPU
		{F1157E43-B204-4532-B5C1-56FF9FE4CD99}.Release|Any CPU.Build.0 = Release|Any CPU
		{08AC343A-65BD-469C-9F3B-DD3554675CCD}.Debug|Any CPU.ActiveCfg = Debug|Any CPU
		{08AC343A-65BD-469C-9F3B-DD3554675CCD}.Debug|Any CPU.Build.0 = Debug|Any CPU
		{08AC343A-65BD-469C-9F3B-DD3554675CCD}.Release|Any CPU.ActiveCfg = Release|Any CPU
		{08AC343A-65BD-469C-9F3B-DD3554675CCD}.Release|Any CPU.Build.0 = Release|Any CPU
	EndGlobalSection
	GlobalSection(SolutionProperties) = preSolution
		HideSolutionNode = FALSE
	EndGlobalSection
	GlobalSection(ExtensibilityGlobals) = postSolution
		SolutionGuid = {41B7FB46-9F20-41B0-AECF-3A7B04341BC7}
	EndGlobalSection
EndGlobal
